// !$*UTF8*$!
{
	archiveVersion = 1;
	classes = {
	};
	objectVersion = 48;
	objects = {

/* Begin PBXBuildFile section */
		68BA7CD7206D0766005678CE /* Assets.xcassets in Resources */ = {isa = PBXBuildFile; fileRef = 68BA7CD6206D0766005678CE /* Assets.xcassets */; };
		68BA7CDA206D0766005678CE /* LaunchScreen.storyboard in Resources */ = {isa = PBXBuildFile; fileRef = 68BA7CD8206D0766005678CE /* LaunchScreen.storyboard */; };
		68BA7CE5206D0766005678CE /* taskappTests.swift in Sources */ = {isa = PBXBuildFile; fileRef = 68BA7CE4206D0766005678CE /* taskappTests.swift */; };
		68BA7CF0206D0766005678CE /* taskappUITests.swift in Sources */ = {isa = PBXBuildFile; fileRef = 68BA7CEF206D0766005678CE /* taskappUITests.swift */; };
		68BA7CFE206D079F005678CE /* Task.swift in Sources */ = {isa = PBXBuildFile; fileRef = 68BA7CFD206D079E005678CE /* Task.swift */; };
		68BA7D00206D07C2005678CE /* AppDelegate.swift in Sources */ = {isa = PBXBuildFile; fileRef = 68BA7CFF206D07C2005678CE /* AppDelegate.swift */; };
		68BA7D02206D07CA005678CE /* ViewController.swift in Sources */ = {isa = PBXBuildFile; fileRef = 68BA7D01206D07CA005678CE /* ViewController.swift */; };
		68BA7D04206D07D0005678CE /* Main.storyboard in Resources */ = {isa = PBXBuildFile; fileRef = 68BA7D03206D07D0005678CE /* Main.storyboard */; };
		68BA7D06206D07D8005678CE /* InputViewController.swift in Sources */ = {isa = PBXBuildFile; fileRef = 68BA7D05206D07D8005678CE /* InputViewController.swift */; };
		B09310B916A0F7E158ED6058 /* Pods_taskapp.framework in Frameworks */ = {isa = PBXBuildFile; fileRef = 4F16C729446267FAAD614696 /* Pods_taskapp.framework */; };
/* End PBXBuildFile section */

/* Begin PBXContainerItemProxy section */
		68BA7CE1206D0766005678CE /* PBXContainerItemProxy */ = {
			isa = PBXContainerItemProxy;
			containerPortal = 68BA7CC4206D0765005678CE /* Project object */;
			proxyType = 1;
			remoteGlobalIDString = 68BA7CCB206D0766005678CE;
			remoteInfo = taskapp;
		};
		68BA7CEC206D0766005678CE /* PBXContainerItemProxy */ = {
			isa = PBXContainerItemProxy;
			containerPortal = 68BA7CC4206D0765005678CE /* Project object */;
			proxyType = 1;
			remoteGlobalIDString = 68BA7CCB206D0766005678CE;
			remoteInfo = taskapp;
		};
/* End PBXContainerItemProxy section */

/* Begin PBXFileReference section */
		00A78C501B74740C370F6F0C /* Pods-taskapp.debug.xcconfig */ = {isa = PBXFileReference; includeInIndex = 1; lastKnownFileType = text.xcconfig; name = "Pods-taskapp.debug.xcconfig"; path = "Pods/Target Support Files/Pods-taskapp/Pods-taskapp.debug.xcconfig"; sourceTree = "<group>"; };
		4F16C729446267FAAD614696 /* Pods_taskapp.framework */ = {isa = PBXFileReference; explicitFileType = wrapper.framework; includeInIndex = 0; path = Pods_taskapp.framework; sourceTree = BUILT_PRODUCTS_DIR; };
		68BA7CCC206D0766005678CE /* taskapp.app */ = {isa = PBXFileReference; explicitFileType = wrapper.application; includeInIndex = 0; path = taskapp.app; sourceTree = BUILT_PRODUCTS_DIR; };
		68BA7CD6206D0766005678CE /* Assets.xcassets */ = {isa = PBXFileReference; lastKnownFileType = folder.assetcatalog; path = Assets.xcassets; sourceTree = "<group>"; };
		68BA7CD9206D0766005678CE /* Base */ = {isa = PBXFileReference; lastKnownFileType = file.storyboard; name = Base; path = Base.lproj/LaunchScreen.storyboard; sourceTree = "<group>"; };
		68BA7CDB206D0766005678CE /* Info.plist */ = {isa = PBXFileReference; lastKnownFileType = text.plist.xml; path = Info.plist; sourceTree = "<group>"; };
		68BA7CE0206D0766005678CE /* taskappTests.xctest */ = {isa = PBXFileReference; explicitFileType = wrapper.cfbundle; includeInIndex = 0; path = taskappTests.xctest; sourceTree = BUILT_PRODUCTS_DIR; };
		68BA7CE4206D0766005678CE /* taskappTests.swift */ = {isa = PBXFileReference; lastKnownFileType = sourcecode.swift; path = taskappTests.swift; sourceTree = "<group>"; };
		68BA7CE6206D0766005678CE /* Info.plist */ = {isa = PBXFileReference; lastKnownFileType = text.plist.xml; path = Info.plist; sourceTree = "<group>"; };
		68BA7CEB206D0766005678CE /* taskappUITests.xctest */ = {isa = PBXFileReference; explicitFileType = wrapper.cfbundle; includeInIndex = 0; path = taskappUITests.xctest; sourceTree = BUILT_PRODUCTS_DIR; };
		68BA7CEF206D0766005678CE /* taskappUITests.swift */ = {isa = PBXFileReference; lastKnownFileType = sourcecode.swift; path = taskappUITests.swift; sourceTree = "<group>"; };
		68BA7CF1206D0766005678CE /* Info.plist */ = {isa = PBXFileReference; lastKnownFileType = text.plist.xml; path = Info.plist; sourceTree = "<group>"; };
		68BA7CFD206D079E005678CE /* Task.swift */ = {isa = PBXFileReference; fileEncoding = 4; lastKnownFileType = sourcecode.swift; path = Task.swift; sourceTree = "<group>"; };
		68BA7CFF206D07C2005678CE /* AppDelegate.swift */ = {isa = PBXFileReference; fileEncoding = 4; lastKnownFileType = sourcecode.swift; path = AppDelegate.swift; sourceTree = "<group>"; };
		68BA7D01206D07CA005678CE /* ViewController.swift */ = {isa = PBXFileReference; fileEncoding = 4; lastKnownFileType = sourcecode.swift; path = ViewController.swift; sourceTree = "<group>"; };
		68BA7D03206D07D0005678CE /* Main.storyboard */ = {isa = PBXFileReference; fileEncoding = 4; lastKnownFileType = file.storyboard; path = Main.storyboard; sourceTree = "<group>"; };
		68BA7D05206D07D8005678CE /* InputViewController.swift */ = {isa = PBXFileReference; fileEncoding = 4; lastKnownFileType = sourcecode.swift; path = InputViewController.swift; sourceTree = "<group>"; };
		76FCA2BAB6871CA64FCAACB8 /* Pods-taskapp.release.xcconfig */ = {isa = PBXFileReference; includeInIndex = 1; lastKnownFileType = text.xcconfig; name = "Pods-taskapp.release.xcconfig"; path = "Pods/Target Support Files/Pods-taskapp/Pods-taskapp.release.xcconfig"; sourceTree = "<group>"; };
/* End PBXFileReference section */

/* Begin PBXFrameworksBuildPhase section */
		68BA7CC9206D0766005678CE /* Frameworks */ = {
			isa = PBXFrameworksBuildPhase;
			buildActionMask = 2147483647;
			files = (
				B09310B916A0F7E158ED6058 /* Pods_taskapp.framework in Frameworks */,
			);
			runOnlyForDeploymentPostprocessing = 0;
		};
		68BA7CDD206D0766005678CE /* Frameworks */ = {
			isa = PBXFrameworksBuildPhase;
			buildActionMask = 2147483647;
			files = (
			);
			runOnlyForDeploymentPostprocessing = 0;
		};
		68BA7CE8206D0766005678CE /* Frameworks */ = {
			isa = PBXFrameworksBuildPhase;
			buildActionMask = 2147483647;
			files = (
			);
			runOnlyForDeploymentPostprocessing = 0;
		};
/* End PBXFrameworksBuildPhase section */

/* Begin PBXGroup section */
		240B667A11EBD50ED15D5EBD /* Frameworks */ = {
			isa = PBXGroup;
			children = (
				4F16C729446267FAAD614696 /* Pods_taskapp.framework */,
			);
			name = Frameworks;
			sourceTree = "<group>";
		};
		31333D4D056FA2A55973D162 /* Pods */ = {
			isa = PBXGroup;
			children = (
				00A78C501B74740C370F6F0C /* Pods-taskapp.debug.xcconfig */,
				76FCA2BAB6871CA64FCAACB8 /* Pods-taskapp.release.xcconfig */,
			);
			name = Pods;
			sourceTree = "<group>";
		};
		68BA7CC3206D0765005678CE = {
			isa = PBXGroup;
			children = (
				68BA7CCE206D0766005678CE /* taskapp */,
				68BA7CE3206D0766005678CE /* taskappTests */,
				68BA7CEE206D0766005678CE /* taskappUITests */,
				68BA7CCD206D0766005678CE /* Products */,
				240B667A11EBD50ED15D5EBD /* Frameworks */,
				31333D4D056FA2A55973D162 /* Pods */,
			);
			sourceTree = "<group>";
		};
		68BA7CCD206D0766005678CE /* Products */ = {
			isa = PBXGroup;
			children = (
				68BA7CCC206D0766005678CE /* taskapp.app */,
				68BA7CE0206D0766005678CE /* taskappTests.xctest */,
				68BA7CEB206D0766005678CE /* taskappUITests.xctest */,
			);
			name = Products;
			sourceTree = "<group>";
		};
		68BA7CCE206D0766005678CE /* taskapp */ = {
			isa = PBXGroup;
			children = (
				68BA7CFD206D079E005678CE /* Task.swift */,
				68BA7CFF206D07C2005678CE /* AppDelegate.swift */,
				68BA7D01206D07CA005678CE /* ViewController.swift */,
				68BA7D03206D07D0005678CE /* Main.storyboard */,
				68BA7CD6206D0766005678CE /* Assets.xcassets */,
				68BA7CD8206D0766005678CE /* LaunchScreen.storyboard */,
				68BA7CDB206D0766005678CE /* Info.plist */,
				68BA7D05206D07D8005678CE /* InputViewController.swift */,
			);
			path = taskapp;
			sourceTree = "<group>";
		};
		68BA7CE3206D0766005678CE /* taskappTests */ = {
			isa = PBXGroup;
			children = (
				68BA7CE4206D0766005678CE /* taskappTests.swift */,
				68BA7CE6206D0766005678CE /* Info.plist */,
			);
			path = taskappTests;
			sourceTree = "<group>";
		};
		68BA7CEE206D0766005678CE /* taskappUITests */ = {
			isa = PBXGroup;
			children = (
				68BA7CEF206D0766005678CE /* taskappUITests.swift */,
				68BA7CF1206D0766005678CE /* Info.plist */,
			);
			path = taskappUITests;
			sourceTree = "<group>";
		};
/* End PBXGroup section */

/* Begin PBXNativeTarget section */
		68BA7CCB206D0766005678CE /* taskapp */ = {
			isa = PBXNativeTarget;
			buildConfigurationList = 68BA7CF4206D0766005678CE /* Build configuration list for PBXNativeTarget "taskapp" */;
			buildPhases = (
				8B062CB81E7B98D68CCD0919 /* [CP] Check Pods Manifest.lock */,
				68BA7CC8206D0766005678CE /* Sources */,
				68BA7CC9206D0766005678CE /* Frameworks */,
				68BA7CCA206D0766005678CE /* Resources */,
				58F1F44E60B702D36B16DEB4 /* [CP] Embed Pods Frameworks */,
				E565693244C340DBE9AA3CC9 /* [CP] Copy Pods Resources */,
			);
			buildRules = (
			);
			dependencies = (
			);
			name = taskapp;
			productName = taskapp;
			productReference = 68BA7CCC206D0766005678CE /* taskapp.app */;
			productType = "com.apple.product-type.application";
		};
		68BA7CDF206D0766005678CE /* taskappTests */ = {
			isa = PBXNativeTarget;
			buildConfigurationList = 68BA7CF7206D0766005678CE /* Build configuration list for PBXNativeTarget "taskappTests" */;
			buildPhases = (
				68BA7CDC206D0766005678CE /* Sources */,
				68BA7CDD206D0766005678CE /* Frameworks */,
				68BA7CDE206D0766005678CE /* Resources */,
			);
			buildRules = (
			);
			dependencies = (
				68BA7CE2206D0766005678CE /* PBXTargetDependency */,
			);
			name = taskappTests;
			productName = taskappTests;
			productReference = 68BA7CE0206D0766005678CE /* taskappTests.xctest */;
			productType = "com.apple.product-type.bundle.unit-test";
		};
		68BA7CEA206D0766005678CE /* taskappUITests */ = {
			isa = PBXNativeTarget;
			buildConfigurationList = 68BA7CFA206D0766005678CE /* Build configuration list for PBXNativeTarget "taskappUITests" */;
			buildPhases = (
				68BA7CE7206D0766005678CE /* Sources */,
				68BA7CE8206D0766005678CE /* Frameworks */,
				68BA7CE9206D0766005678CE /* Resources */,
			);
			buildRules = (
			);
			dependencies = (
				68BA7CED206D0766005678CE /* PBXTargetDependency */,
			);
			name = taskappUITests;
			productName = taskappUITests;
			productReference = 68BA7CEB206D0766005678CE /* taskappUITests.xctest */;
			productType = "com.apple.product-type.bundle.ui-testing";
		};
/* End PBXNativeTarget section */

/* Begin PBXProject section */
		68BA7CC4206D0765005678CE /* Project object */ = {
			isa = PBXProject;
			attributes = {
				LastSwiftUpdateCheck = 0920;
				LastUpgradeCheck = 0920;
				ORGANIZATIONNAME = ryuto.nakashima;
				TargetAttributes = {
					68BA7CCB206D0766005678CE = {
						CreatedOnToolsVersion = 9.2;
						ProvisioningStyle = Automatic;
					};
					68BA7CDF206D0766005678CE = {
						CreatedOnToolsVersion = 9.2;
						ProvisioningStyle = Automatic;
						TestTargetID = 68BA7CCB206D0766005678CE;
					};
					68BA7CEA206D0766005678CE = {
						CreatedOnToolsVersion = 9.2;
						ProvisioningStyle = Automatic;
						TestTargetID = 68BA7CCB206D0766005678CE;
					};
				};
			};
			buildConfigurationList = 68BA7CC7206D0765005678CE /* Build configuration list for PBXProject "taskapp" */;
			compatibilityVersion = "Xcode 8.0";
			developmentRegion = en;
			hasScannedForEncodings = 0;
			knownRegions = (
				en,
				Base,
			);
			mainGroup = 68BA7CC3206D0765005678CE;
			productRefGroup = 68BA7CCD206D0766005678CE /* Products */;
			projectDirPath = "";
			projectRoot = "";
			targets = (
				68BA7CCB206D0766005678CE /* taskapp */,
				68BA7CDF206D0766005678CE /* taskappTests */,
				68BA7CEA206D0766005678CE /* taskappUITests */,
			);
		};
/* End PBXProject section */

/* Begin PBXResourcesBuildPhase section */
		68BA7CCA206D0766005678CE /* Resources */ = {
			isa = PBXResourcesBuildPhase;
			buildActionMask = 2147483647;
			files = (
				68BA7D04206D07D0005678CE /* Main.storyboard in Resources */,
				68BA7CDA206D0766005678CE /* LaunchScreen.storyboard in Resources */,
				68BA7CD7206D0766005678CE /* Assets.xcassets in Resources */,
			);
			runOnlyForDeploymentPostprocessing = 0;
		};
		68BA7CDE206D0766005678CE /* Resources */ = {
			isa = PBXResourcesBuildPhase;
			buildActionMask = 2147483647;
			files = (
			);
			runOnlyForDeploymentPostprocessing = 0;
		};
		68BA7CE9206D0766005678CE /* Resources */ = {
			isa = PBXResourcesBuildPhase;
			buildActionMask = 2147483647;
			files = (
			);
			runOnlyForDeploymentPostprocessing = 0;
		};
/* End PBXResourcesBuildPhase section */

/* Begin PBXShellScriptBuildPhase section */
		58F1F44E60B702D36B16DEB4 /* [CP] Embed Pods Frameworks */ = {
			isa = PBXShellScriptBuildPhase;
			buildActionMask = 2147483647;
			files = (
			);
			inputPaths = (
				"${SRCROOT}/Pods/Target Support Files/Pods-taskapp/Pods-taskapp-frameworks.sh",
				"${BUILT_PRODUCTS_DIR}/Realm/Realm.framework",
				"${BUILT_PRODUCTS_DIR}/RealmSwift/RealmSwift.framework",
			);
			name = "[CP] Embed Pods Frameworks";
			outputPaths = (
				"${TARGET_BUILD_DIR}/${FRAMEWORKS_FOLDER_PATH}/Realm.framework",
				"${TARGET_BUILD_DIR}/${FRAMEWORKS_FOLDER_PATH}/RealmSwift.framework",
			);
			runOnlyForDeploymentPostprocessing = 0;
			shellPath = /bin/sh;
			shellScript = "\"${SRCROOT}/Pods/Target Support Files/Pods-taskapp/Pods-taskapp-frameworks.sh\"\n";
			showEnvVarsInLog = 0;
		};
		8B062CB81E7B98D68CCD0919 /* [CP] Check Pods Manifest.lock */ = {
			isa = PBXShellScriptBuildPhase;
			buildActionMask = 2147483647;
			files = (
			);
			inputPaths = (
				"${PODS_PODFILE_DIR_PATH}/Podfile.lock",
				"${PODS_ROOT}/Manifest.lock",
			);
			name = "[CP] Check Pods Manifest.lock";
			outputPaths = (
				"$(DERIVED_FILE_DIR)/Pods-taskapp-checkManifestLockResult.txt",
			);
			runOnlyForDeploymentPostprocessing = 0;
			shellPath = /bin/sh;
			shellScript = "diff \"${PODS_PODFILE_DIR_PATH}/Podfile.lock\" \"${PODS_ROOT}/Manifest.lock\" > /dev/null\nif [ $? != 0 ] ; then\n    # print error to STDERR\n    echo \"error: The sandbox is not in sync with the Podfile.lock. Run 'pod install' or update your CocoaPods installation.\" >&2\n    exit 1\nfi\n# This output is used by Xcode 'outputs' to avoid re-running this script phase.\necho \"SUCCESS\" > \"${SCRIPT_OUTPUT_FILE_0}\"\n";
			showEnvVarsInLog = 0;
		};
		E565693244C340DBE9AA3CC9 /* [CP] Copy Pods Resources */ = {
			isa = PBXShellScriptBuildPhase;
			buildActionMask = 2147483647;
			files = (
			);
			inputPaths = (
			);
			name = "[CP] Copy Pods Resources";
			outputPaths = (
			);
			runOnlyForDeploymentPostprocessing = 0;
			shellPath = /bin/sh;
			shellScript = "\"${SRCROOT}/Pods/Target Support Files/Pods-taskapp/Pods-taskapp-resources.sh\"\n";
			showEnvVarsInLog = 0;
		};
/* End PBXShellScriptBuildPhase section */

/* Begin PBXSourcesBuildPhase section */
		68BA7CC8206D0766005678CE /* Sources */ = {
			isa = PBXSourcesBuildPhase;
			buildActionMask = 2147483647;
			files = (
				68BA7D02206D07CA005678CE /* ViewController.swift in Sources */,
				68BA7D00206D07C2005678CE /* AppDelegate.swift in Sources */,
				68BA7CFE206D079F005678CE /* Task.swift in Sources */,
				68BA7D06206D07D8005678CE /* InputViewController.swift in Sources */,
			);
			runOnlyForDeploymentPostprocessing = 0;
		};
		68BA7CDC206D0766005678CE /* Sources */ = {
			isa = PBXSourcesBuildPhase;
			buildActionMask = 2147483647;
			files = (
				68BA7CE5206D0766005678CE /* taskappTests.swift in Sources */,
			);
			runOnlyForDeploymentPostprocessing = 0;
		};
		68BA7CE7206D0766005678CE /* Sources */ = {
			isa = PBXSourcesBuildPhase;
			buildActionMask = 2147483647;
			files = (
				68BA7CF0206D0766005678CE /* taskappUITests.swift in Sources */,
			);
			runOnlyForDeploymentPostprocessing = 0;
		};
/* End PBXSourcesBuildPhase section */

/* Begin PBXTargetDependency section */
		68BA7CE2206D0766005678CE /* PBXTargetDependency */ = {
			isa = PBXTargetDependency;
			target = 68BA7CCB206D0766005678CE /* taskapp */;
			targetProxy = 68BA7CE1206D0766005678CE /* PBXContainerItemProxy */;
		};
		68BA7CED206D0766005678CE /* PBXTargetDependency */ = {
			isa = PBXTargetDependency;
			target = 68BA7CCB206D0766005678CE /* taskapp */;
			targetProxy = 68BA7CEC206D0766005678CE /* PBXContainerItemProxy */;
		};
/* End PBXTargetDependency section */

/* Begin PBXVariantGroup section */
		68BA7CD8206D0766005678CE /* LaunchScreen.storyboard */ = {
			isa = PBXVariantGroup;
			children = (
				68BA7CD9206D0766005678CE /* Base */,
			);
			name = LaunchScreen.storyboard;
			sourceTree = "<group>";
		};
/* End PBXVariantGroup section */

/* Begin XCBuildConfiguration section */
		68BA7CF2206D0766005678CE /* Debug */ = {
			isa = XCBuildConfiguration;
			buildSettings = {
				ALWAYS_SEARCH_USER_PATHS = NO;
				CLANG_ANALYZER_NONNULL = YES;
				CLANG_ANALYZER_NUMBER_OBJECT_CONVERSION = YES_AGGRESSIVE;
				CLANG_CXX_LANGUAGE_STANDARD = "gnu++14";
				CLANG_CXX_LIBRARY = "libc++";
				CLANG_ENABLE_MODULES = YES;
				CLANG_ENABLE_OBJC_ARC = YES;
				CLANG_WARN_BLOCK_CAPTURE_AUTORELEASING = YES;
				CLANG_WARN_BOOL_CONVERSION = YES;
				CLANG_WARN_COMMA = YES;
				CLANG_WARN_CONSTANT_CONVERSION = YES;
				CLANG_WARN_DIRECT_OBJC_ISA_USAGE = YES_ERROR;
				CLANG_WARN_DOCUMENTATION_COMMENTS = YES;
				CLANG_WARN_EMPTY_BODY = YES;
				CLANG_WARN_ENUM_CONVERSION = YES;
				CLANG_WARN_INFINITE_RECURSION = YES;
				CLANG_WARN_INT_CONVERSION = YES;
				CLANG_WARN_NON_LITERAL_NULL_CONVERSION = YES;
				CLANG_WARN_OBJC_LITERAL_CONVERSION = YES;
				CLANG_WARN_OBJC_ROOT_CLASS = YES_ERROR;
				CLANG_WARN_RANGE_LOOP_ANALYSIS = YES;
				CLANG_WARN_STRICT_PROTOTYPES = YES;
				CLANG_WARN_SUSPICIOUS_MOVE = YES;
				CLANG_WARN_UNGUARDED_AVAILABILITY = YES_AGGRESSIVE;
				CLANG_WARN_UNREACHABLE_CODE = YES;
				CLANG_WARN__DUPLICATE_METHOD_MATCH = YES;
				CODE_SIGN_IDENTITY = "iPhone Developer";
				COPY_PHASE_STRIP = NO;
				DEBUG_INFORMATION_FORMAT = dwarf;
				ENABLE_STRICT_OBJC_MSGSEND = YES;
				ENABLE_TESTABILITY = YES;
				GCC_C_LANGUAGE_STANDARD = gnu11;
				GCC_DYNAMIC_NO_PIC = NO;
				GCC_NO_COMMON_BLOCKS = YES;
				GCC_OPTIMIZATION_LEVEL = 0;
				GCC_PREPROCESSOR_DEFINITIONS = (
					"DEBUG=1",
					"$(inherited)",
				);
				GCC_WARN_64_TO_32_BIT_CONVERSION = YES;
				GCC_WARN_ABOUT_RETURN_TYPE = YES_ERROR;
				GCC_WARN_UNDECLARED_SELECTOR = YES;
				GCC_WARN_UNINITIALIZED_AUTOS = YES_AGGRESSIVE;
				GCC_WARN_UNUSED_FUNCTION = YES;
				GCC_WARN_UNUSED_VARIABLE = YES;
				IPHONEOS_DEPLOYMENT_TARGET = 11.2;
				MTL_ENABLE_DEBUG_INFO = YES;
				ONLY_ACTIVE_ARCH = YES;
				SDKROOT = iphoneos;
				SWIFT_ACTIVE_COMPILATION_CONDITIONS = DEBUG;
				SWIFT_OPTIMIZATION_LEVEL = "-Onone";
			};
			name = Debug;
		};
		68BA7CF3206D0766005678CE /* Release */ = {
			isa = XCBuildConfiguration;
			buildSettings = {
				ALWAYS_SEARCH_USER_PATHS = NO;
				CLANG_ANALYZER_NONNULL = YES;
				CLANG_ANALYZER_NUMBER_OBJECT_CONVERSION = YES_AGGRESSIVE;
				CLANG_CXX_LANGUAGE_STANDARD = "gnu++14";
				CLANG_CXX_LIBRARY = "libc++";
				CLANG_ENABLE_MODULES = YES;
				CLANG_ENABLE_OBJC_ARC = YES;
				CLANG_WARN_BLOCK_CAPTURE_AUTORELEASING = YES;
				CLANG_WARN_BOOL_CONVERSION = YES;
				CLANG_WARN_COMMA = YES;
				CLANG_WARN_CONSTANT_CONVERSION = YES;
				CLANG_WARN_DIRECT_OBJC_ISA_USAGE = YES_ERROR;
				CLANG_WARN_DOCUMENTATION_COMMENTS = YES;
				CLANG_WARN_EMPTY_BODY = YES;
				CLANG_WARN_ENUM_CONVERSION = YES;
				CLANG_WARN_INFINITE_RECURSION = YES;
				CLANG_WARN_INT_CONVERSION = YES;
				CLANG_WARN_NON_LITERAL_NULL_CONVERSION = YES;
				CLANG_WARN_OBJC_LITERAL_CONVERSION = YES;
				CLANG_WARN_OBJC_ROOT_CLASS = YES_ERROR;
				CLANG_WARN_RANGE_LOOP_ANALYSIS = YES;
				CLANG_WARN_STRICT_PROTOTYPES = YES;
				CLANG_WARN_SUSPICIOUS_MOVE = YES;
				CLANG_WARN_UNGUARDED_AVAILABILITY = YES_AGGRESSIVE;
				CLANG_WARN_UNREACHABLE_CODE = YES;
				CLANG_WARN__DUPLICATE_METHOD_MATCH = YES;
				CODE_SIGN_IDENTITY = "iPhone Developer";
				COPY_PHASE_STRIP = NO;
				DEBUG_INFORMATION_FORMAT = "dwarf-with-dsym";
				ENABLE_NS_ASSERTIONS = NO;
				ENABLE_STRICT_OBJC_MSGSEND = YES;
				GCC_C_LANGUAGE_STANDARD = gnu11;
				GCC_NO_COMMON_BLOCKS = YES;
				GCC_WARN_64_TO_32_BIT_CONVERSION = YES;
				GCC_WARN_ABOUT_RETURN_TYPE = YES_ERROR;
				GCC_WARN_UNDECLARED_SELECTOR = YES;
				GCC_WARN_UNINITIALIZED_AUTOS = YES_AGGRESSIVE;
				GCC_WARN_UNUSED_FUNCTION = YES;
				GCC_WARN_UNUSED_VARIABLE = YES;
				IPHONEOS_DEPLOYMENT_TARGET = 11.2;
				MTL_ENABLE_DEBUG_INFO = NO;
				SDKROOT = iphoneos;
				SWIFT_OPTIMIZATION_LEVEL = "-Owholemodule";
				VALIDATE_PRODUCT = YES;
			};
			name = Release;
		};
		68BA7CF5206D0766005678CE /* Debug */ = {
			isa = XCBuildConfiguration;
			baseConfigurationReference = 00A78C501B74740C370F6F0C /* Pods-taskapp.debug.xcconfig */;
			buildSettings = {
				ASSETCATALOG_COMPILER_APPICON_NAME = AppIcon;
				CODE_SIGN_STYLE = Automatic;
				DEVELOPMENT_TEAM = KPBS627L3K;
				INFOPLIST_FILE = taskapp/Info.plist;
				LD_RUNPATH_SEARCH_PATHS = "$(inherited) @executable_path/Frameworks";
				PRODUCT_BUNDLE_IDENTIFIER = jp.techacademy.ryuto.nakshima.taskapp;
				PRODUCT_NAME = "$(TARGET_NAME)";
				SWIFT_VERSION = 4.0;
				TARGETED_DEVICE_FAMILY = "1,2";
			};
			name = Debug;
		};
		68BA7CF6206D0766005678CE /* Release */ = {
			isa = XCBuildConfiguration;
			baseConfigurationReference = 76FCA2BAB6871CA64FCAACB8 /* Pods-taskapp.release.xcconfig */;
			buildSettings = {
				ASSETCATALOG_COMPILER_APPICON_NAME = AppIcon;
				CODE_SIGN_STYLE = Automatic;
				DEVELOPMENT_TEAM = KPBS627L3K;
				INFOPLIST_FILE = taskapp/Info.plist;
				LD_RUNPATH_SEARCH_PATHS = "$(inherited) @executable_path/Frameworks";
				PRODUCT_BUNDLE_IDENTIFIER = jp.techacademy.ryuto.nakshima.taskapp;
				PRODUCT_NAME = "$(TARGET_NAME)";
				SWIFT_VERSION = 4.0;
				TARGETED_DEVICE_FAMILY = "1,2";
			};
			name = Release;
		};
		68BA7CF8206D0766005678CE /* Debug */ = {
			isa = XCBuildConfiguration;
			buildSettings = {
				ALWAYS_EMBED_SWIFT_STANDARD_LIBRARIES = YES;
				BUNDLE_LOADER = "$(TEST_HOST)";
				CODE_SIGN_STYLE = Automatic;
				DEVELOPMENT_TEAM = KPBS627L3K;
				INFOPLIST_FILE = taskappTests/Info.plist;
				LD_RUNPATH_SEARCH_PATHS = "$(inherited) @executable_path/Frameworks @loader_path/Frameworks";
				PRODUCT_BUNDLE_IDENTIFIER = jp.techacademy.ryuto.nakshima.taskappTests;
				PRODUCT_NAME = "$(TARGET_NAME)";
				SWIFT_VERSION = 4.0;
				TARGETED_DEVICE_FAMILY = "1,2";
				TEST_HOST = "$(BUILT_PRODUCTS_DIR)/taskapp.app/taskapp";
			};
			name = Debug;
		};
		68BA7CF9206D0766005678CE /* Release */ = {
			isa = XCBuildConfiguration;
			buildSettings = {
				ALWAYS_EMBED_SWIFT_STANDARD_LIBRARIES = YES;
				BUNDLE_LOADER = "$(TEST_HOST)";
				CODE_SIGN_STYLE = Automatic;
				DEVELOPMENT_TEAM = KPBS627L3K;
				INFOPLIST_FILE = taskappTests/Info.plist;
				LD_RUNPATH_SEARCH_PATHS = "$(inherited) @executable_path/Frameworks @loader_path/Frameworks";
				PRODUCT_BUNDLE_IDENTIFIER = jp.techacademy.ryuto.nakshima.taskappTests;
				PRODUCT_NAME = "$(TARGET_NAME)";
				SWIFT_VERSION = 4.0;
				TARGETED_DEVICE_FAMILY = "1,2";
				TEST_HOST = "$(BUILT_PRODUCTS_DIR)/taskapp.app/taskapp";
			};
			name = Release;
		};
		68BA7CFB206D0766005678CE /* Debug */ = {
			isa = XCBuildConfiguration;
			buildSettings = {
				ALWAYS_EMBED_SWIFT_STANDARD_LIBRARIES = YES;
				CODE_SIGN_STYLE = Automatic;
				DEVELOPMENT_TEAM = KPBS627L3K;
				INFOPLIST_FILE = taskappUITests/Info.plist;
				LD_RUNPATH_SEARCH_PATHS = "$(inherited) @executable_path/Frameworks @loader_path/Frameworks";
				PRODUCT_BUNDLE_IDENTIFIER = jp.techacademy.ryuto.nakshima.taskappUITests;
				PRODUCT_NAME = "$(TARGET_NAME)";
				SWIFT_VERSION = 4.0;
				TARGETED_DEVICE_FAMILY = "1,2";
				TEST_TARGET_NAME = taskapp;
			};
			name = Debug;
		};
		68BA7CFC206D0766005678CE /* Release */ = {
			isa = XCBuildConfiguration;
			buildSettings = {
				ALWAYS_EMBED_SWIFT_STANDARD_LIBRARIES = YES;
				CODE_SIGN_STYLE = Automatic;
				DEVELOPMENT_TEAM = KPBS627L3K;
				INFOPLIST_FILE = taskappUITests/Info.plist;
				LD_RUNPATH_SEARCH_PATHS = "$(inherited) @executable_path/Frameworks @loader_path/Frameworks";
				PRODUCT_BUNDLE_IDENTIFIER = jp.techacademy.ryuto.nakshima.taskappUITests;
				PRODUCT_NAME = "$(TARGET_NAME)";
				SWIFT_VERSION = 4.0;
				TARGETED_DEVICE_FAMILY = "1,2";
				TEST_TARGET_NAME = taskapp;
			};
			name = Release;
		};
/* End XCBuildConfiguration section */

/* Begin XCConfigurationList section */
		68BA7CC7206D0765005678CE /* Build configuration list for PBXProject "taskapp" */ = {
			isa = XCConfigurationList;
			buildConfigurations = (
				68BA7CF2206D0766005678CE /* Debug */,
				68BA7CF3206D0766005678CE /* Release */,
			);
			defaultConfigurationIsVisible = 0;
			defaultConfigurationName = Release;
		};
		68BA7CF4206D0766005678CE /* Build configuration list for PBXNativeTarget "taskapp" */ = {
			isa = XCConfigurationList;
			buildConfigurations = (
				68BA7CF5206D0766005678CE /* Debug */,
				68BA7CF6206D0766005678CE /* Release */,
			);
			defaultConfigurationIsVisible = 0;
			defaultConfigurationName = Release;
		};
		68BA7CF7206D0766005678CE /* Build configuration list for PBXNativeTarget "taskappTests" */ = {
			isa = XCConfigurationList;
			buildConfigurations = (
				68BA7CF8206D0766005678CE /* Debug */,
				68BA7CF9206D0766005678CE /* Release */,
			);
			defaultConfigurationIsVisible = 0;
			defaultConfigurationName = Release;
		};
		68BA7CFA206D0766005678CE /* Build configuration list for PBXNativeTarget "taskappUITests" */ = {
			isa = XCConfigurationList;
			buildConfigurations = (
				68BA7CFB206D0766005678CE /* Debug */,
				68BA7CFC206D0766005678CE /* Release */,
			);
			defaultConfigurationIsVisible = 0;
			defaultConfigurationName = Release;
		};
/* End XCConfigurationList section */
	};
	rootObject = 68BA7CC4206D0765005678CE /* Project object */;
}
